
Microsoft Visual Studio Solution File, Format Version 12.00
# Visual Studio Version 17
VisualStudioVersion = 17.1.32328.378
MinimumVisualStudioVersion = 10.0.40219.1
Project("{FAE04EC0-301F-11D3-BF4B-00C04F79EFBC}") = "LearnIdentityWeb", "LearnIdentityWeb\LearnIdentityWeb.csproj", "{90CBAACD-22FE-430C-9D85-88B4BCAA40EB}"
EndProject
Project("{FAE04EC0-301F-11D3-BF4B-00C04F79EFBC}") = "MyModels", "MyModels\MyModels.csproj", "{699E81D5-4038-4B0C-9020-D89C545F76C9}"
EndProject
Project("{FAE04EC0-301F-11D3-BF4B-00C04F79EFBC}") = "DataAccess", "DataAccess\DataAccess.csproj", "{C7879565-FBA4-4390-9C41-EF15D81136D6}"
EndProject
Global
	GlobalSection(SolutionConfigurationPlatforms) = preSolution
		Debug|Any CPU = Debug|Any CPU
		Release|Any CPU = Release|Any CPU
	EndGlobalSection
	GlobalSection(ProjectConfigurationPlatforms) = postSolution
		{90CBAACD-22FE-430C-9D85-88B4BCAA40EB}.Debug|Any CPU.ActiveCfg = Debug|Any CPU
		{90CBAACD-22FE-430C-9D85-88B4BCAA40EB}.Debug|Any CPU.Build.0 = Debug|Any CPU
		{90CBAACD-22FE-430C-9D85-88B4BCAA40EB}.Release|Any CPU.ActiveCfg = Release|Any CPU
		{90CBAACD-22FE-430C-9D85-88B4BCAA40EB}.Release|Any CPU.Build.0 = Release|Any CPU
		{699E81D5-4038-4B0C-9020-D89C545F76C9}.Debug|Any CPU.ActiveCfg = Debug|Any CPU
		{699E81D5-4038-4B0C-9020-D89C545F76C9}.Debug|Any CPU.Build.0 = Debug|Any CPU
		{699E81D5-4038-4B0C-9020-D89C545F76C9}.Release|Any CPU.ActiveCfg = Release|Any CPU
		{699E81D5-4038-4B0C-9020-D89C545F76C9}.Release|Any CPU.Build.0 = Release|Any CPU
		{C7879565-FBA4-4390-9C41-EF15D81136D6}.Debug|Any CPU.ActiveCfg = Debug|Any CPU
		{C7879565-FBA4-4390-9C41-EF15D81136D6}.Debug|Any CPU.Build.0 = Debug|Any CPU
		{C7879565-FBA4-4390-9C41-EF15D81136D6}.Release|Any CPU.ActiveCfg = Release|Any CPU
		{C7879565-FBA4-4390-9C41-EF15D81136D6}.Release|Any CPU.Build.0 = Release|Any CPU
	EndGlobalSection
	GlobalSection(SolutionProperties) = preSolution
		HideSolutionNode = FALSE
	EndGlobalSection
	GlobalSection(ExtensibilityGlobals) = postSolution
		SolutionGuid = {F6ABDA47-81D0-4412-91A0-46AD0661306C}
	EndGlobalSection
EndGlobal
